
Microsoft Visual Studio Solution File, Format Version 12.00
# Visual Studio Version 17
VisualStudioVersion = 17.4.33103.184
MinimumVisualStudioVersion = 10.0.40219.1
Project("{FAE04EC0-301F-11D3-BF4B-00C04F79EFBC}") = "Moufiltr", "Moufiltr.csproj", "{41D36018-6435-4E4E-90C9-8DAC6F1A38A9}"
EndProject
Global
	GlobalSection(SolutionConfigurationPlatforms) = preSolution
		Debug|Any CPU = Debug|Any CPU
		Release|Any CPU = Release|Any CPU
	EndGlobalSection
	GlobalSection(ProjectConfigurationPlatforms) = postSolution
		{41D36018-6435-4E4E-90C9-8DAC6F1A38A9}.Debug|Any CPU.ActiveCfg = Debug|Any CPU
		{41D36018-6435-4E4E-90C9-8DAC6F1A38A9}.Debug|Any CPU.Build.0 = Debug|Any CPU
		{41D36018-6435-4E4E-90C9-8DAC6F1A38A9}.Release|Any CPU.ActiveCfg = Release|Any CPU
		{41D36018-6435-4E4E-90C9-8DAC6F1A38A9}.Release|Any CPU.Build.0 = Release|Any CPU
	EndGlobalSection
	GlobalSection(SolutionProperties) = preSolution
		HideSolutionNode = FALSE
	EndGlobalSection
	GlobalSection(ExtensibilityGlobals) = postSolution
		SolutionGuid = {8AA5630D-231A-415C-A652-75D9091E2157}
	EndGlobalSection
EndGlobal
